
Microsoft Visual Studio Solution File, Format Version 12.00
# Visual Studio Version 17
VisualStudioVersion = 17.3.32825.248
MinimumVisualStudioVersion = 10.0.40219.1
Project("{FAE04EC0-301F-11D3-BF4B-00C04F79EFBC}") = "laba1_compilator", "laba1_compilator\laba1_compilator.csproj", "{585CE5E6-F2F5-43F4-93B1-FBA30F3B44DD}"
EndProject
Global
	GlobalSection(SolutionConfigurationPlatforms) = preSolution
		Debug|Any CPU = Debug|Any CPU
		Release|Any CPU = Release|Any CPU
	EndGlobalSection
	GlobalSection(ProjectConfigurationPlatforms) = postSolution
		{585CE5E6-F2F5-43F4-93B1-FBA30F3B44DD}.Debug|Any CPU.ActiveCfg = Debug|Any CPU
		{585CE5E6-F2F5-43F4-93B1-FBA30F3B44DD}.Debug|Any CPU.Build.0 = Debug|Any CPU
		{585CE5E6-F2F5-43F4-93B1-FBA30F3B44DD}.Release|Any CPU.ActiveCfg = Release|Any CPU
		{585CE5E6-F2F5-43F4-93B1-FBA30F3B44DD}.Release|Any CPU.Build.0 = Release|Any CPU
	EndGlobalSection
	GlobalSection(SolutionProperties) = preSolution
		HideSolutionNode = FALSE
	EndGlobalSection
	GlobalSection(ExtensibilityGlobals) = postSolution
		SolutionGuid = {E9D9E178-B5F8-49D3-9713-B1AE731ED98E}
	EndGlobalSection
EndGlobal
